
Microsoft Visual Studio Solution File, Format Version 12.00
# Visual Studio Version 16
VisualStudioVersion = 16.0.31005.135
MinimumVisualStudioVersion = 10.0.40219.1
Project("{2150E333-8FDC-42A3-9474-1A3956D46DE8}") = "Domain", "Domain", "{118475F1-0179-48ED-8DBC-9E67D3D5ED11}"
EndProject
Project("{2150E333-8FDC-42A3-9474-1A3956D46DE8}") = "Infra", "Infra", "{1A9F5337-F6CF-4017-A091-E2F02FF9162B}"
EndProject
Project("{2150E333-8FDC-42A3-9474-1A3956D46DE8}") = "Presentation", "Presentation", "{69318B39-AC47-4DBA-A896-A23AB7F2DD9C}"
EndProject
Project("{2150E333-8FDC-42A3-9474-1A3956D46DE8}") = "Microservices", "Microservices", "{4CDC8BAE-7E89-48DC-9D6D-C54CDB01E95B}"
EndProject
Project("{FAE04EC0-301F-11D3-BF4B-00C04F79EFBC}") = "Domain.Core", "Domain.Core\Domain.Core.csproj", "{0B978AA6-0D0A-4EDD-A437-1BD1740A6A87}"
EndProject
Project("{FAE04EC0-301F-11D3-BF4B-00C04F79EFBC}") = "Infra.Bus", "Infra.Bus\Infra.Bus.csproj", "{C84A602C-604B-4415-84E4-808161A5971D}"
EndProject
Project("{FAE04EC0-301F-11D3-BF4B-00C04F79EFBC}") = "Infra.IOC", "Infra.IOC\Infra.IOC.csproj", "{5965F9BB-7EE4-44E1-9BAE-89885E5A4D3B}"
EndProject
Project("{2150E333-8FDC-42A3-9474-1A3956D46DE8}") = "Banking", "Banking", "{3B409F80-062F-4F0D-9890-1F5A60360BBC}"
EndProject
Project("{2150E333-8FDC-42A3-9474-1A3956D46DE8}") = "Domain", "Domain", "{989733B0-29FA-4479-82B4-7B6B4038650A}"
EndProject
Project("{2150E333-8FDC-42A3-9474-1A3956D46DE8}") = "Infra", "Infra", "{417CEFB2-91EC-4D96-AA9A-210380AFB278}"
EndProject
Project("{2150E333-8FDC-42A3-9474-1A3956D46DE8}") = "Api", "Api", "{CCA39D55-394A-4F44-BA81-BED30A06B1F1}"
EndProject
Project("{FAE04EC0-301F-11D3-BF4B-00C04F79EFBC}") = "Banking.Api", "Banking.Api\Banking.Api.csproj", "{EDACC4F7-F890-44BB-98E4-2DE21B3C57A3}"
EndProject
Project("{FAE04EC0-301F-11D3-BF4B-00C04F79EFBC}") = "Banking.Infra", "Banking.Infra\Banking.Infra.csproj", "{932A9E74-C3C7-4E54-969F-D0B14635A67A}"
EndProject
Project("{FAE04EC0-301F-11D3-BF4B-00C04F79EFBC}") = "Banking.Domain", "Banking.Domain\Banking.Domain.csproj", "{F841D0AC-3851-4F5A-97E7-1FB1069BCFF4}"
EndProject
Global
	GlobalSection(SolutionConfigurationPlatforms) = preSolution
		Debug|Any CPU = Debug|Any CPU
		Release|Any CPU = Release|Any CPU
	EndGlobalSection
	GlobalSection(ProjectConfigurationPlatforms) = postSolution
		{0B978AA6-0D0A-4EDD-A437-1BD1740A6A87}.Debug|Any CPU.ActiveCfg = Debug|Any CPU
		{0B978AA6-0D0A-4EDD-A437-1BD1740A6A87}.Debug|Any CPU.Build.0 = Debug|Any CPU
		{0B978AA6-0D0A-4EDD-A437-1BD1740A6A87}.Release|Any CPU.ActiveCfg = Release|Any CPU
		{0B978AA6-0D0A-4EDD-A437-1BD1740A6A87}.Release|Any CPU.Build.0 = Release|Any CPU
		{C84A602C-604B-4415-84E4-808161A5971D}.Debug|Any CPU.ActiveCfg = Debug|Any CPU
		{C84A602C-604B-4415-84E4-808161A5971D}.Debug|Any CPU.Build.0 = Debug|Any CPU
		{C84A602C-604B-4415-84E4-808161A5971D}.Release|Any CPU.ActiveCfg = Release|Any CPU
		{C84A602C-604B-4415-84E4-808161A5971D}.Release|Any CPU.Build.0 = Release|Any CPU
		{5965F9BB-7EE4-44E1-9BAE-89885E5A4D3B}.Debug|Any CPU.ActiveCfg = Debug|Any CPU
		{5965F9BB-7EE4-44E1-9BAE-89885E5A4D3B}.Debug|Any CPU.Build.0 = Debug|Any CPU
		{5965F9BB-7EE4-44E1-9BAE-89885E5A4D3B}.Release|Any CPU.ActiveCfg = Release|Any CPU
		{5965F9BB-7EE4-44E1-9BAE-89885E5A4D3B}.Release|Any CPU.Build.0 = Release|Any CPU
		{EDACC4F7-F890-44BB-98E4-2DE21B3C57A3}.Debug|Any CPU.ActiveCfg = Debug|Any CPU
		{EDACC4F7-F890-44BB-98E4-2DE21B3C57A3}.Debug|Any CPU.Build.0 = Debug|Any CPU
		{EDACC4F7-F890-44BB-98E4-2DE21B3C57A3}.Release|Any CPU.ActiveCfg = Release|Any CPU
		{EDACC4F7-F890-44BB-98E4-2DE21B3C57A3}.Release|Any CPU.Build.0 = Release|Any CPU
		{932A9E74-C3C7-4E54-969F-D0B14635A67A}.Debug|Any CPU.ActiveCfg = Debug|Any CPU
		{932A9E74-C3C7-4E54-969F-D0B14635A67A}.Debug|Any CPU.Build.0 = Debug|Any CPU
		{932A9E74-C3C7-4E54-969F-D0B14635A67A}.Release|Any CPU.ActiveCfg = Release|Any CPU
		{932A9E74-C3C7-4E54-969F-D0B14635A67A}.Release|Any CPU.Build.0 = Release|Any CPU
		{F841D0AC-3851-4F5A-97E7-1FB1069BCFF4}.Debug|Any CPU.ActiveCfg = Debug|Any CPU
		{F841D0AC-3851-4F5A-97E7-1FB1069BCFF4}.Debug|Any CPU.Build.0 = Debug|Any CPU
		{F841D0AC-3851-4F5A-97E7-1FB1069BCFF4}.Release|Any CPU.ActiveCfg = Release|Any CPU
		{F841D0AC-3851-4F5A-97E7-1FB1069BCFF4}.Release|Any CPU.Build.0 = Release|Any CPU
	EndGlobalSection
	GlobalSection(SolutionProperties) = preSolution
		HideSolutionNode = FALSE
	EndGlobalSection
	GlobalSection(NestedProjects) = preSolution
		{0B978AA6-0D0A-4EDD-A437-1BD1740A6A87} = {118475F1-0179-48ED-8DBC-9E67D3D5ED11}
		{C84A602C-604B-4415-84E4-808161A5971D} = {1A9F5337-F6CF-4017-A091-E2F02FF9162B}
		{5965F9BB-7EE4-44E1-9BAE-89885E5A4D3B} = {1A9F5337-F6CF-4017-A091-E2F02FF9162B}
		{3B409F80-062F-4F0D-9890-1F5A60360BBC} = {4CDC8BAE-7E89-48DC-9D6D-C54CDB01E95B}
		{989733B0-29FA-4479-82B4-7B6B4038650A} = {3B409F80-062F-4F0D-9890-1F5A60360BBC}
		{417CEFB2-91EC-4D96-AA9A-210380AFB278} = {3B409F80-062F-4F0D-9890-1F5A60360BBC}
		{CCA39D55-394A-4F44-BA81-BED30A06B1F1} = {3B409F80-062F-4F0D-9890-1F5A60360BBC}
		{EDACC4F7-F890-44BB-98E4-2DE21B3C57A3} = {CCA39D55-394A-4F44-BA81-BED30A06B1F1}
		{932A9E74-C3C7-4E54-969F-D0B14635A67A} = {417CEFB2-91EC-4D96-AA9A-210380AFB278}
		{F841D0AC-3851-4F5A-97E7-1FB1069BCFF4} = {989733B0-29FA-4479-82B4-7B6B4038650A}
	EndGlobalSection
	GlobalSection(ExtensibilityGlobals) = postSolution
		SolutionGuid = {24E3005F-3CAC-488A-A527-937321E818D9}
	EndGlobalSection
EndGlobal
