
Microsoft Visual Studio Solution File, Format Version 12.00
# Visual Studio Version 16
VisualStudioVersion = 16.0.31005.135
MinimumVisualStudioVersion = 10.0.40219.1
Project("{2150E333-8FDC-42A3-9474-1A3956D46DE8}") = "Domain", "Domain", "{118475F1-0179-48ED-8DBC-9E67D3D5ED11}"
EndProject
Project("{2150E333-8FDC-42A3-9474-1A3956D46DE8}") = "Infra.IOC", "Infra.IOC", "{1A9F5337-F6CF-4017-A091-E2F02FF9162B}"
EndProject
Project("{2150E333-8FDC-42A3-9474-1A3956D46DE8}") = "Infra.Bus", "Infra.Bus", "{E5E5A437-D61C-4FD4-BF17-28EB1159A5DA}"
EndProject
Project("{2150E333-8FDC-42A3-9474-1A3956D46DE8}") = "Presentation", "Presentation", "{69318B39-AC47-4DBA-A896-A23AB7F2DD9C}"
EndProject
Project("{2150E333-8FDC-42A3-9474-1A3956D46DE8}") = "Microservices", "Microservices", "{4CDC8BAE-7E89-48DC-9D6D-C54CDB01E95B}"
EndProject
Project("{FAE04EC0-301F-11D3-BF4B-00C04F79EFBC}") = "Domain.Core", "Domain.Core\Domain.Core.csproj", "{0B978AA6-0D0A-4EDD-A437-1BD1740A6A87}"
EndProject
Global
	GlobalSection(SolutionConfigurationPlatforms) = preSolution
		Debug|Any CPU = Debug|Any CPU
		Release|Any CPU = Release|Any CPU
	EndGlobalSection
	GlobalSection(ProjectConfigurationPlatforms) = postSolution
		{0B978AA6-0D0A-4EDD-A437-1BD1740A6A87}.Debug|Any CPU.ActiveCfg = Debug|Any CPU
		{0B978AA6-0D0A-4EDD-A437-1BD1740A6A87}.Debug|Any CPU.Build.0 = Debug|Any CPU
		{0B978AA6-0D0A-4EDD-A437-1BD1740A6A87}.Release|Any CPU.ActiveCfg = Release|Any CPU
		{0B978AA6-0D0A-4EDD-A437-1BD1740A6A87}.Release|Any CPU.Build.0 = Release|Any CPU
	EndGlobalSection
	GlobalSection(SolutionProperties) = preSolution
		HideSolutionNode = FALSE
	EndGlobalSection
	GlobalSection(NestedProjects) = preSolution
		{0B978AA6-0D0A-4EDD-A437-1BD1740A6A87} = {118475F1-0179-48ED-8DBC-9E67D3D5ED11}
	EndGlobalSection
	GlobalSection(ExtensibilityGlobals) = postSolution
		SolutionGuid = {24E3005F-3CAC-488A-A527-937321E818D9}
	EndGlobalSection
EndGlobal
